PODS:
  - BottomPopup (0.5.5)
  - MBProgressHUD (1.1.0)
  - SDWebImage (5.4.2):
    - SDWebImage/Core (= 5.4.2)
  - SDWebImage/Core (5.4.2)
  - SwipeMenuViewController (4.0.0)
  - YouTubePlayer (0.4.0)

DEPENDENCIES:
  - BottomPopup
  - MBProgressHUD
  - SDWebImage (~> 5.0)
  - SwipeMenuViewController
  - YouTubePlayer

SPEC REPOS:
  trunk:
    - BottomPopup
    - MBProgressHUD
    - SDWebImage
    - SwipeMenuViewController
    - YouTubePlayer

SPEC CHECKSUMS:
  BottomPopup: c63feed938e7bed2894736d4a07b84cd1f608003
  MBProgressHUD: e7baa36a220447d8aeb12769bf0585582f3866d9
  SDWebImage: 4ca2dc4eefae4224bea8f504251cda485a363745
  SwipeMenuViewController: c2c1f9b62022ce6b904b2553f0fa340c9008becd
  YouTubePlayer: 028451f6772f372d4759866db99824c676ac1473

PODFILE CHECKSUM: e3f69fccc5d63fb7cd26a7c48cbf402d9f8bb0d0

COCOAPODS: 1.8.4
