PODS:
  - IHProgressHUD (0.1.4)
  - MBProgressHUD (1.1.0)
  - SDWebImage (5.4.0):
    - SDWebImage/Core (= 5.4.0)
  - SDWebImage/Core (5.4.0)
  - SwipeMenuViewController (4.0.0)
  - YouTubePlayer (0.4.0)

DEPENDENCIES:
  - IHProgressHUD
  - MBProgressHUD
  - SDWebImage (~> 5.0)
  - SwipeMenuViewController
  - YouTubePlayer

SPEC REPOS:
  trunk:
    - IHProgressHUD
    - MBProgressHUD
    - SDWebImage
    - SwipeMenuViewController
    - YouTubePlayer

SPEC CHECKSUMS:
  IHProgressHUD: a01846bfbb581c761c79747c67b08387c3bdfae3
  MBProgressHUD: e7baa36a220447d8aeb12769bf0585582f3866d9
  SDWebImage: 5bf6aec6481ae2a062bdc59f9d6c1d1e552090e0
  SwipeMenuViewController: c2c1f9b62022ce6b904b2553f0fa340c9008becd
  YouTubePlayer: 028451f6772f372d4759866db99824c676ac1473

PODFILE CHECKSUM: 2337b800504ee40aa909c74aca834b1c43df979a

COCOAPODS: 1.8.4
