// !$*UTF8*$!
{
	archiveVersion = 1;
	classes = {
	};
	objectVersion = 51;
	objects = {

/* Begin PBXBuildFile section */
		054A35007F6214105007DB70 /* Pods_1971_1971UITests.framework in Frameworks */ = {isa = PBXBuildFile; fileRef = 0080EA3F252C5F2CBB9AA7C6 /* Pods_1971_1971UITests.framework */; };
		47E74BF6FC15BCFF0F335377 /* Pods_1971.framework in Frameworks */ = {isa = PBXBuildFile; fileRef = B80D06E66C4CD8BDAEA536D1 /* Pods_1971.framework */; };
		963A438A23A12D96003E78DF /* VideoViewController.swift in Sources */ = {isa = PBXBuildFile; fileRef = 963A438923A12D96003E78DF /* VideoViewController.swift */; };
		963A438C23A12DF2003E78DF /* AudioViewController.swift in Sources */ = {isa = PBXBuildFile; fileRef = 963A438B23A12DF2003E78DF /* AudioViewController.swift */; };
		963A438E23A12E05003E78DF /* PhotoViewController.swift in Sources */ = {isa = PBXBuildFile; fileRef = 963A438D23A12E05003E78DF /* PhotoViewController.swift */; };
		963A439023A12E15003E78DF /* DocViewController.swift in Sources */ = {isa = PBXBuildFile; fileRef = 963A438F23A12E15003E78DF /* DocViewController.swift */; };
		963A439623A13274003E78DF /* CardView.swift in Sources */ = {isa = PBXBuildFile; fileRef = 963A439523A13274003E78DF /* CardView.swift */; };
		963A439A23A134DB003E78DF /* PopularVideoCollectionViewCell.swift in Sources */ = {isa = PBXBuildFile; fileRef = 963A439923A134DB003E78DF /* PopularVideoCollectionViewCell.swift */; };
		963A439C23A13505003E78DF /* RecentVideoCollectionViewCell.swift in Sources */ = {isa = PBXBuildFile; fileRef = 963A439B23A13505003E78DF /* RecentVideoCollectionViewCell.swift */; };
		963A439E23A13664003E78DF /* MainViewController.swift in Sources */ = {isa = PBXBuildFile; fileRef = 963A439D23A13664003E78DF /* MainViewController.swift */; };
		963A43A623A144D5003E78DF /* APICall.swift in Sources */ = {isa = PBXBuildFile; fileRef = 963A43A223A144D5003E78DF /* APICall.swift */; };
		963A43A723A144D5003E78DF /* APIList.swift in Sources */ = {isa = PBXBuildFile; fileRef = 963A43A323A144D5003E78DF /* APIList.swift */; };
		963A43A923A1472E003E78DF /* Reachability.swift in Sources */ = {isa = PBXBuildFile; fileRef = 963A43A823A1472E003E78DF /* Reachability.swift */; };
		963A43AE23A149AC003E78DF /* PopularVideoList.swift in Sources */ = {isa = PBXBuildFile; fileRef = 963A43AD23A149AC003E78DF /* PopularVideoList.swift */; };
		963A43B023A14B04003E78DF /* ActivityIndicator.swift in Sources */ = {isa = PBXBuildFile; fileRef = 963A43AF23A14B04003E78DF /* ActivityIndicator.swift */; };
		963A43B223A14C36003E78DF /* ToastView.swift in Sources */ = {isa = PBXBuildFile; fileRef = 963A43B123A14C36003E78DF /* ToastView.swift */; };
		964281CC23A2710E005E865D /* Converter.swift in Sources */ = {isa = PBXBuildFile; fileRef = 964281CB23A2710E005E865D /* Converter.swift */; };
		964281CE23A27C2D005E865D /* VideoPlayerVC.swift in Sources */ = {isa = PBXBuildFile; fileRef = 964281CD23A27C2D005E865D /* VideoPlayerVC.swift */; };
		964A07F023AA5A080074CD37 /* Roboto-Medium.ttf in Resources */ = {isa = PBXBuildFile; fileRef = 9652C70B239D33AE00DE15FD /* Roboto-Medium.ttf */; };
		964A07F223AA5DF00074CD37 /* VideoCategory.swift in Sources */ = {isa = PBXBuildFile; fileRef = 964A07F123AA5DF00074CD37 /* VideoCategory.swift */; };
		964A07F723AA60C40074CD37 /* VideoListTableViewCell.swift in Sources */ = {isa = PBXBuildFile; fileRef = 964A07F623AA60C40074CD37 /* VideoListTableViewCell.swift */; };
		964A07F923AA669F0074CD37 /* VideoByCategory.swift in Sources */ = {isa = PBXBuildFile; fileRef = 964A07F823AA669F0074CD37 /* VideoByCategory.swift */; };
		964A07FB23AA88EC0074CD37 /* VideoListViewController.swift in Sources */ = {isa = PBXBuildFile; fileRef = 964A07FA23AA88EC0074CD37 /* VideoListViewController.swift */; };
		9652C6D8239D30C800DE15FD /* AppDelegate.swift in Sources */ = {isa = PBXBuildFile; fileRef = 9652C6D7239D30C800DE15FD /* AppDelegate.swift */; };
		9652C6DA239D30C800DE15FD /* SceneDelegate.swift in Sources */ = {isa = PBXBuildFile; fileRef = 9652C6D9239D30C800DE15FD /* SceneDelegate.swift */; };
		9652C6DF239D30C800DE15FD /* Main.storyboard in Resources */ = {isa = PBXBuildFile; fileRef = 9652C6DD239D30C800DE15FD /* Main.storyboard */; };
		9652C6E1239D30CC00DE15FD /* Assets.xcassets in Resources */ = {isa = PBXBuildFile; fileRef = 9652C6E0239D30CC00DE15FD /* Assets.xcassets */; };
		9652C6E4239D30CC00DE15FD /* LaunchScreen.storyboard in Resources */ = {isa = PBXBuildFile; fileRef = 9652C6E2239D30CC00DE15FD /* LaunchScreen.storyboard */; };
		9652C6EF239D30CD00DE15FD /* _971Tests.swift in Sources */ = {isa = PBXBuildFile; fileRef = 9652C6EE239D30CD00DE15FD /* _971Tests.swift */; };
		9652C6FA239D30CD00DE15FD /* _971UITests.swift in Sources */ = {isa = PBXBuildFile; fileRef = 9652C6F9239D30CD00DE15FD /* _971UITests.swift */; };
		BA0DD85D23B3E6BF009B496D /* CustomView.swift in Sources */ = {isa = PBXBuildFile; fileRef = BA0DD85C23B3E6BF009B496D /* CustomView.swift */; };
		BA53D40B23B47A3800E4290E /* AudioCategoryList.swift in Sources */ = {isa = PBXBuildFile; fileRef = BA53D40A23B47A3800E4290E /* AudioCategoryList.swift */; };
		BA53D40D23B47B1500E4290E /* AudioByCategory.swift in Sources */ = {isa = PBXBuildFile; fileRef = BA53D40C23B47B1500E4290E /* AudioByCategory.swift */; };
		BA6632CA23AD065E00A3AF31 /* PhotoCategory.swift in Sources */ = {isa = PBXBuildFile; fileRef = BA6632C923AD065E00A3AF31 /* PhotoCategory.swift */; };
		BA6632CC23AD0A6700A3AF31 /* PhotoListViewController.swift in Sources */ = {isa = PBXBuildFile; fileRef = BA6632CB23AD0A6700A3AF31 /* PhotoListViewController.swift */; };
		BA6632CF23AD142700A3AF31 /* PhotoCollectionViewCell.swift in Sources */ = {isa = PBXBuildFile; fileRef = BA6632CD23AD142700A3AF31 /* PhotoCollectionViewCell.swift */; };
		BA6632D023AD142700A3AF31 /* PhotoCollectionViewCell.xib in Resources */ = {isa = PBXBuildFile; fileRef = BA6632CE23AD142700A3AF31 /* PhotoCollectionViewCell.xib */; };
		BA6632D223AD156900A3AF31 /* PhotoByCategory.swift in Sources */ = {isa = PBXBuildFile; fileRef = BA6632D123AD156900A3AF31 /* PhotoByCategory.swift */; };
		BA6632D423AD1DF800A3AF31 /* CustomLayout.swift in Sources */ = {isa = PBXBuildFile; fileRef = BA6632D323AD1DF800A3AF31 /* CustomLayout.swift */; };
		BA778A1B23B66AB200F34E9F /* DocListTableViewCell.swift in Sources */ = {isa = PBXBuildFile; fileRef = BA778A1A23B66AB200F34E9F /* DocListTableViewCell.swift */; };
		BA98FE0D23B46E1E00121535 /* AudioListViewController.swift in Sources */ = {isa = PBXBuildFile; fileRef = BA98FE0C23B46E1E00121535 /* AudioListViewController.swift */; };
		BAE1C00823B6118700372DA1 /* DocCategoryList.swift in Sources */ = {isa = PBXBuildFile; fileRef = BAE1C00723B6118700372DA1 /* DocCategoryList.swift */; };
		BAE1C00A23B6119B00372DA1 /* DocByCategory.swift in Sources */ = {isa = PBXBuildFile; fileRef = BAE1C00923B6119B00372DA1 /* DocByCategory.swift */; };
		BAE1C00C23B6125500372DA1 /* DocListViewController.swift in Sources */ = {isa = PBXBuildFile; fileRef = BAE1C00B23B6125500372DA1 /* DocListViewController.swift */; };
		BAFD30EF23ACC094000D6101 /* CustomImageView.swift in Sources */ = {isa = PBXBuildFile; fileRef = BAFD30EE23ACC094000D6101 /* CustomImageView.swift */; };
		EC47998E57760E97F95EDD36 /* Pods_1971Tests.framework in Frameworks */ = {isa = PBXBuildFile; fileRef = B558EC8FADB75846A2BB0199 /* Pods_1971Tests.framework */; };
/* End PBXBuildFile section */

/* Begin PBXContainerItemProxy section */
		9652C6EB239D30CD00DE15FD /* PBXContainerItemProxy */ = {
			isa = PBXContainerItemProxy;
			containerPortal = 9652C6CC239D30C800DE15FD /* Project object */;
			proxyType = 1;
			remoteGlobalIDString = 9652C6D3239D30C800DE15FD;
			remoteInfo = 1971;
		};
		9652C6F6239D30CD00DE15FD /* PBXContainerItemProxy */ = {
			isa = PBXContainerItemProxy;
			containerPortal = 9652C6CC239D30C800DE15FD /* Project object */;
			proxyType = 1;
			remoteGlobalIDString = 9652C6D3239D30C800DE15FD;
			remoteInfo = 1971;
		};
/* End PBXContainerItemProxy section */

/* Begin PBXFileReference section */
		0080EA3F252C5F2CBB9AA7C6 /* Pods_1971_1971UITests.framework */ = {isa = PBXFileReference; explicitFileType = wrapper.framework; includeInIndex = 0; path = Pods_1971_1971UITests.framework; sourceTree = BUILT_PRODUCTS_DIR; };
		0A66676D124795D0ECD7889D /* Pods-1971.release.xcconfig */ = {isa = PBXFileReference; includeInIndex = 1; lastKnownFileType = text.xcconfig; name = "Pods-1971.release.xcconfig"; path = "Target Support Files/Pods-1971/Pods-1971.release.xcconfig"; sourceTree = "<group>"; };
		11F9985060BFE07028BB5380 /* Pods-1971.debug.xcconfig */ = {isa = PBXFileReference; includeInIndex = 1; lastKnownFileType = text.xcconfig; name = "Pods-1971.debug.xcconfig"; path = "Target Support Files/Pods-1971/Pods-1971.debug.xcconfig"; sourceTree = "<group>"; };
		560C154CDB2F26EAE7376367 /* Pods-1971Tests.release.xcconfig */ = {isa = PBXFileReference; includeInIndex = 1; lastKnownFileType = text.xcconfig; name = "Pods-1971Tests.release.xcconfig"; path = "Target Support Files/Pods-1971Tests/Pods-1971Tests.release.xcconfig"; sourceTree = "<group>"; };
		8741A14F5033B8327774E2DE /* Pods-1971Tests.debug.xcconfig */ = {isa = PBXFileReference; includeInIndex = 1; lastKnownFileType = text.xcconfig; name = "Pods-1971Tests.debug.xcconfig"; path = "Target Support Files/Pods-1971Tests/Pods-1971Tests.debug.xcconfig"; sourceTree = "<group>"; };
		963A438923A12D96003E78DF /* VideoViewController.swift */ = {isa = PBXFileReference; lastKnownFileType = sourcecode.swift; path = VideoViewController.swift; sourceTree = "<group>"; };
		963A438B23A12DF2003E78DF /* AudioViewController.swift */ = {isa = PBXFileReference; lastKnownFileType = sourcecode.swift; path = AudioViewController.swift; sourceTree = "<group>"; };
		963A438D23A12E05003E78DF /* PhotoViewController.swift */ = {isa = PBXFileReference; lastKnownFileType = sourcecode.swift; path = PhotoViewController.swift; sourceTree = "<group>"; };
		963A438F23A12E15003E78DF /* DocViewController.swift */ = {isa = PBXFileReference; lastKnownFileType = sourcecode.swift; path = DocViewController.swift; sourceTree = "<group>"; };
		963A439523A13274003E78DF /* CardView.swift */ = {isa = PBXFileReference; fileEncoding = 4; lastKnownFileType = sourcecode.swift; path = CardView.swift; sourceTree = "<group>"; };
		963A439923A134DB003E78DF /* PopularVideoCollectionViewCell.swift */ = {isa = PBXFileReference; lastKnownFileType = sourcecode.swift; path = PopularVideoCollectionViewCell.swift; sourceTree = "<group>"; };
		963A439B23A13505003E78DF /* RecentVideoCollectionViewCell.swift */ = {isa = PBXFileReference; lastKnownFileType = sourcecode.swift; path = RecentVideoCollectionViewCell.swift; sourceTree = "<group>"; };
		963A439D23A13664003E78DF /* MainViewController.swift */ = {isa = PBXFileReference; lastKnownFileType = sourcecode.swift; path = MainViewController.swift; sourceTree = "<group>"; };
		963A43A223A144D5003E78DF /* APICall.swift */ = {isa = PBXFileReference; fileEncoding = 4; lastKnownFileType = sourcecode.swift; path = APICall.swift; sourceTree = "<group>"; };
		963A43A323A144D5003E78DF /* APIList.swift */ = {isa = PBXFileReference; fileEncoding = 4; lastKnownFileType = sourcecode.swift; path = APIList.swift; sourceTree = "<group>"; };
		963A43A823A1472E003E78DF /* Reachability.swift */ = {isa = PBXFileReference; fileEncoding = 4; lastKnownFileType = sourcecode.swift; path = Reachability.swift; sourceTree = "<group>"; };
		963A43AD23A149AC003E78DF /* PopularVideoList.swift */ = {isa = PBXFileReference; lastKnownFileType = sourcecode.swift; path = PopularVideoList.swift; sourceTree = "<group>"; };
		963A43AF23A14B04003E78DF /* ActivityIndicator.swift */ = {isa = PBXFileReference; fileEncoding = 4; lastKnownFileType = sourcecode.swift; path = ActivityIndicator.swift; sourceTree = "<group>"; };
		963A43B123A14C36003E78DF /* ToastView.swift */ = {isa = PBXFileReference; fileEncoding = 4; lastKnownFileType = sourcecode.swift; path = ToastView.swift; sourceTree = "<group>"; };
		964281CB23A2710E005E865D /* Converter.swift */ = {isa = PBXFileReference; lastKnownFileType = sourcecode.swift; path = Converter.swift; sourceTree = "<group>"; };
		964281CD23A27C2D005E865D /* VideoPlayerVC.swift */ = {isa = PBXFileReference; lastKnownFileType = sourcecode.swift; path = VideoPlayerVC.swift; sourceTree = "<group>"; };
		964A07F123AA5DF00074CD37 /* VideoCategory.swift */ = {isa = PBXFileReference; lastKnownFileType = sourcecode.swift; path = VideoCategory.swift; sourceTree = "<group>"; };
		964A07F623AA60C40074CD37 /* VideoListTableViewCell.swift */ = {isa = PBXFileReference; lastKnownFileType = sourcecode.swift; path = VideoListTableViewCell.swift; sourceTree = "<group>"; };
		964A07F823AA669F0074CD37 /* VideoByCategory.swift */ = {isa = PBXFileReference; lastKnownFileType = sourcecode.swift; path = VideoByCategory.swift; sourceTree = "<group>"; };
		964A07FA23AA88EC0074CD37 /* VideoListViewController.swift */ = {isa = PBXFileReference; lastKnownFileType = sourcecode.swift; path = VideoListViewController.swift; sourceTree = "<group>"; };
		9652C6D4239D30C800DE15FD /* 1971.app */ = {isa = PBXFileReference; explicitFileType = wrapper.application; includeInIndex = 0; path = 1971.app; sourceTree = BUILT_PRODUCTS_DIR; };
		9652C6D7239D30C800DE15FD /* AppDelegate.swift */ = {isa = PBXFileReference; lastKnownFileType = sourcecode.swift; path = AppDelegate.swift; sourceTree = "<group>"; };
		9652C6D9239D30C800DE15FD /* SceneDelegate.swift */ = {isa = PBXFileReference; lastKnownFileType = sourcecode.swift; path = SceneDelegate.swift; sourceTree = "<group>"; };
		9652C6DE239D30C800DE15FD /* Base */ = {isa = PBXFileReference; lastKnownFileType = file.storyboard; name = Base; path = Base.lproj/Main.storyboard; sourceTree = "<group>"; };
		9652C6E0239D30CC00DE15FD /* Assets.xcassets */ = {isa = PBXFileReference; lastKnownFileType = folder.assetcatalog; path = Assets.xcassets; sourceTree = "<group>"; };
		9652C6E3239D30CC00DE15FD /* Base */ = {isa = PBXFileReference; lastKnownFileType = file.storyboard; name = Base; path = Base.lproj/LaunchScreen.storyboard; sourceTree = "<group>"; };
		9652C6E5239D30CC00DE15FD /* Info.plist */ = {isa = PBXFileReference; lastKnownFileType = text.plist.xml; path = Info.plist; sourceTree = "<group>"; };
		9652C6EA239D30CD00DE15FD /* 1971Tests.xctest */ = {isa = PBXFileReference; explicitFileType = wrapper.cfbundle; includeInIndex = 0; path = 1971Tests.xctest; sourceTree = BUILT_PRODUCTS_DIR; };
		9652C6EE239D30CD00DE15FD /* _971Tests.swift */ = {isa = PBXFileReference; lastKnownFileType = sourcecode.swift; path = _971Tests.swift; sourceTree = "<group>"; };
		9652C6F0239D30CD00DE15FD /* Info.plist */ = {isa = PBXFileReference; lastKnownFileType = text.plist.xml; path = Info.plist; sourceTree = "<group>"; };
		9652C6F5239D30CD00DE15FD /* 1971UITests.xctest */ = {isa = PBXFileReference; explicitFileType = wrapper.cfbundle; includeInIndex = 0; path = 1971UITests.xctest; sourceTree = BUILT_PRODUCTS_DIR; };
		9652C6F9239D30CD00DE15FD /* _971UITests.swift */ = {isa = PBXFileReference; lastKnownFileType = sourcecode.swift; path = _971UITests.swift; sourceTree = "<group>"; };
		9652C6FB239D30CD00DE15FD /* Info.plist */ = {isa = PBXFileReference; lastKnownFileType = text.plist.xml; path = Info.plist; sourceTree = "<group>"; };
		9652C708239D339300DE15FD /* Roboto-Black.ttf */ = {isa = PBXFileReference; lastKnownFileType = file; path = "Roboto-Black.ttf"; sourceTree = "<group>"; };
		9652C709239D33AE00DE15FD /* RobotoCondensed-BoldItalic.ttf */ = {isa = PBXFileReference; lastKnownFileType = file; path = "RobotoCondensed-BoldItalic.ttf"; sourceTree = "<group>"; };
		9652C70A239D33AE00DE15FD /* Roboto-ThinItalic.ttf */ = {isa = PBXFileReference; lastKnownFileType = file; path = "Roboto-ThinItalic.ttf"; sourceTree = "<group>"; };
		9652C70B239D33AE00DE15FD /* Roboto-Medium.ttf */ = {isa = PBXFileReference; lastKnownFileType = file; path = "Roboto-Medium.ttf"; sourceTree = "<group>"; };
		9652C70C239D33AE00DE15FD /* RobotoCondensed-Bold.ttf */ = {isa = PBXFileReference; lastKnownFileType = file; path = "RobotoCondensed-Bold.ttf"; sourceTree = "<group>"; };
		9652C70D239D33AE00DE15FD /* Roboto-BoldItalic.ttf */ = {isa = PBXFileReference; lastKnownFileType = file; path = "Roboto-BoldItalic.ttf"; sourceTree = "<group>"; };
		9652C70E239D33AF00DE15FD /* RobotoCondensed-Regular.ttf */ = {isa = PBXFileReference; lastKnownFileType = file; path = "RobotoCondensed-Regular.ttf"; sourceTree = "<group>"; };
		9652C70F239D33AF00DE15FD /* RobotoCondensed-LightItalic.ttf */ = {isa = PBXFileReference; lastKnownFileType = file; path = "RobotoCondensed-LightItalic.ttf"; sourceTree = "<group>"; };
		9652C710239D33AF00DE15FD /* Roboto-Regular.ttf */ = {isa = PBXFileReference; lastKnownFileType = file; path = "Roboto-Regular.ttf"; sourceTree = "<group>"; };
		9652C711239D33AF00DE15FD /* Roboto-Light.ttf */ = {isa = PBXFileReference; lastKnownFileType = file; path = "Roboto-Light.ttf"; sourceTree = "<group>"; };
		9652C712239D33AF00DE15FD /* Roboto-Thin.ttf */ = {isa = PBXFileReference; lastKnownFileType = file; path = "Roboto-Thin.ttf"; sourceTree = "<group>"; };
		9652C713239D33AF00DE15FD /* RobotoCondensed-Italic.ttf */ = {isa = PBXFileReference; lastKnownFileType = file; path = "RobotoCondensed-Italic.ttf"; sourceTree = "<group>"; };
		9652C714239D33AF00DE15FD /* Roboto-MediumItalic.ttf */ = {isa = PBXFileReference; lastKnownFileType = file; path = "Roboto-MediumItalic.ttf"; sourceTree = "<group>"; };
		9652C715239D33AF00DE15FD /* Roboto-Italic.ttf */ = {isa = PBXFileReference; lastKnownFileType = file; path = "Roboto-Italic.ttf"; sourceTree = "<group>"; };
		9652C716239D33B000DE15FD /* Roboto-BlackItalic.ttf */ = {isa = PBXFileReference; lastKnownFileType = file; path = "Roboto-BlackItalic.ttf"; sourceTree = "<group>"; };
		9652C717239D33B000DE15FD /* Roboto-LightItalic.ttf */ = {isa = PBXFileReference; lastKnownFileType = file; path = "Roboto-LightItalic.ttf"; sourceTree = "<group>"; };
		9652C718239D33B000DE15FD /* RobotoCondensed-Light.ttf */ = {isa = PBXFileReference; lastKnownFileType = file; path = "RobotoCondensed-Light.ttf"; sourceTree = "<group>"; };
		9652C719239D33B000DE15FD /* Roboto-Bold.ttf */ = {isa = PBXFileReference; lastKnownFileType = file; path = "Roboto-Bold.ttf"; sourceTree = "<group>"; };
		B558EC8FADB75846A2BB0199 /* Pods_1971Tests.framework */ = {isa = PBXFileReference; explicitFileType = wrapper.framework; includeInIndex = 0; path = Pods_1971Tests.framework; sourceTree = BUILT_PRODUCTS_DIR; };
		B80D06E66C4CD8BDAEA536D1 /* Pods_1971.framework */ = {isa = PBXFileReference; explicitFileType = wrapper.framework; includeInIndex = 0; path = Pods_1971.framework; sourceTree = BUILT_PRODUCTS_DIR; };
		BA0DD85C23B3E6BF009B496D /* CustomView.swift */ = {isa = PBXFileReference; lastKnownFileType = sourcecode.swift; path = CustomView.swift; sourceTree = "<group>"; };
		BA53D40A23B47A3800E4290E /* AudioCategoryList.swift */ = {isa = PBXFileReference; lastKnownFileType = sourcecode.swift; path = AudioCategoryList.swift; sourceTree = "<group>"; };
		BA53D40C23B47B1500E4290E /* AudioByCategory.swift */ = {isa = PBXFileReference; lastKnownFileType = sourcecode.swift; path = AudioByCategory.swift; sourceTree = "<group>"; };
		BA6632C923AD065E00A3AF31 /* PhotoCategory.swift */ = {isa = PBXFileReference; lastKnownFileType = sourcecode.swift; path = PhotoCategory.swift; sourceTree = "<group>"; };
		BA6632CB23AD0A6700A3AF31 /* PhotoListViewController.swift */ = {isa = PBXFileReference; lastKnownFileType = sourcecode.swift; path = PhotoListViewController.swift; sourceTree = "<group>"; };
		BA6632CD23AD142700A3AF31 /* PhotoCollectionViewCell.swift */ = {isa = PBXFileReference; lastKnownFileType = sourcecode.swift; path = PhotoCollectionViewCell.swift; sourceTree = "<group>"; };
		BA6632CE23AD142700A3AF31 /* PhotoCollectionViewCell.xib */ = {isa = PBXFileReference; lastKnownFileType = file.xib; path = PhotoCollectionViewCell.xib; sourceTree = "<group>"; };
		BA6632D123AD156900A3AF31 /* PhotoByCategory.swift */ = {isa = PBXFileReference; lastKnownFileType = sourcecode.swift; path = PhotoByCategory.swift; sourceTree = "<group>"; };
		BA6632D323AD1DF800A3AF31 /* CustomLayout.swift */ = {isa = PBXFileReference; lastKnownFileType = sourcecode.swift; path = CustomLayout.swift; sourceTree = "<group>"; };
		BA778A1A23B66AB200F34E9F /* DocListTableViewCell.swift */ = {isa = PBXFileReference; lastKnownFileType = sourcecode.swift; path = DocListTableViewCell.swift; sourceTree = "<group>"; };
		BA98FE0C23B46E1E00121535 /* AudioListViewController.swift */ = {isa = PBXFileReference; lastKnownFileType = sourcecode.swift; path = AudioListViewController.swift; sourceTree = "<group>"; };
		BAE1C00723B6118700372DA1 /* DocCategoryList.swift */ = {isa = PBXFileReference; lastKnownFileType = sourcecode.swift; path = DocCategoryList.swift; sourceTree = "<group>"; };
		BAE1C00923B6119B00372DA1 /* DocByCategory.swift */ = {isa = PBXFileReference; lastKnownFileType = sourcecode.swift; path = DocByCategory.swift; sourceTree = "<group>"; };
		BAE1C00B23B6125500372DA1 /* DocListViewController.swift */ = {isa = PBXFileReference; lastKnownFileType = sourcecode.swift; path = DocListViewController.swift; sourceTree = "<group>"; };
		BAFD30EE23ACC094000D6101 /* CustomImageView.swift */ = {isa = PBXFileReference; lastKnownFileType = sourcecode.swift; path = CustomImageView.swift; sourceTree = "<group>"; };
		D12110A7C698021938D0555E /* Pods-1971-1971UITests.debug.xcconfig */ = {isa = PBXFileReference; includeInIndex = 1; lastKnownFileType = text.xcconfig; name = "Pods-1971-1971UITests.debug.xcconfig"; path = "Target Support Files/Pods-1971-1971UITests/Pods-1971-1971UITests.debug.xcconfig"; sourceTree = "<group>"; };
		D6A08C836D88FA2F7B0B3130 /* Pods-1971-1971UITests.release.xcconfig */ = {isa = PBXFileReference; includeInIndex = 1; lastKnownFileType = text.xcconfig; name = "Pods-1971-1971UITests.release.xcconfig"; path = "Target Support Files/Pods-1971-1971UITests/Pods-1971-1971UITests.release.xcconfig"; sourceTree = "<group>"; };
/* End PBXFileReference section */

/* Begin PBXFrameworksBuildPhase section */
		9652C6D1239D30C800DE15FD /* Frameworks */ = {
			isa = PBXFrameworksBuildPhase;
			buildActionMask = 2147483647;
			files = (
				47E74BF6FC15BCFF0F335377 /* Pods_1971.framework in Frameworks */,
			);
			runOnlyForDeploymentPostprocessing = 0;
		};
		9652C6E7239D30CD00DE15FD /* Frameworks */ = {
			isa = PBXFrameworksBuildPhase;
			buildActionMask = 2147483647;
			files = (
				EC47998E57760E97F95EDD36 /* Pods_1971Tests.framework in Frameworks */,
			);
			runOnlyForDeploymentPostprocessing = 0;
		};
		9652C6F2239D30CD00DE15FD /* Frameworks */ = {
			isa = PBXFrameworksBuildPhase;
			buildActionMask = 2147483647;
			files = (
				054A35007F6214105007DB70 /* Pods_1971_1971UITests.framework in Frameworks */,
			);
			runOnlyForDeploymentPostprocessing = 0;
		};
/* End PBXFrameworksBuildPhase section */

/* Begin PBXGroup section */
		53F21DBA7F262A2375FEAA0C /* Pods */ = {
			isa = PBXGroup;
			children = (
				11F9985060BFE07028BB5380 /* Pods-1971.debug.xcconfig */,
				0A66676D124795D0ECD7889D /* Pods-1971.release.xcconfig */,
				D12110A7C698021938D0555E /* Pods-1971-1971UITests.debug.xcconfig */,
				D6A08C836D88FA2F7B0B3130 /* Pods-1971-1971UITests.release.xcconfig */,
				8741A14F5033B8327774E2DE /* Pods-1971Tests.debug.xcconfig */,
				560C154CDB2F26EAE7376367 /* Pods-1971Tests.release.xcconfig */,
			);
			path = Pods;
			sourceTree = "<group>";
		};
		7676D663E791E85168FC4AAB /* Frameworks */ = {
			isa = PBXGroup;
			children = (
				B80D06E66C4CD8BDAEA536D1 /* Pods_1971.framework */,
				0080EA3F252C5F2CBB9AA7C6 /* Pods_1971_1971UITests.framework */,
				B558EC8FADB75846A2BB0199 /* Pods_1971Tests.framework */,
			);
			name = Frameworks;
			sourceTree = "<group>";
		};
		963A439123A12ECB003E78DF /* Controller */ = {
			isa = PBXGroup;
			children = (
				963A439D23A13664003E78DF /* MainViewController.swift */,
				BA0DD85B23B3D333009B496D /* Audio */,
				BA0DD85A23B3D32A009B496D /* Document */,
				BA0DD85823B3D2ED009B496D /* Video */,
				BA0DD85923B3D306009B496D /* Photo */,
			);
			path = Controller;
			sourceTree = "<group>";
		};
		963A439223A12EF1003E78DF /* Model */ = {
			isa = PBXGroup;
			children = (
				963A43AA23A14978003E78DF /* Codable */,
				964281CB23A2710E005E865D /* Converter.swift */,
			);
			path = Model;
			sourceTree = "<group>";
		};
		963A439423A1321C003E78DF /* View */ = {
			isa = PBXGroup;
			children = (
				964A07F523AA608B0074CD37 /* TableViewCell */,
				963A439823A1349B003E78DF /* CustomView */,
				963A439723A1348B003E78DF /* CollectionViewCell */,
				BAFD30EE23ACC094000D6101 /* CustomImageView.swift */,
			);
			path = View;
			sourceTree = "<group>";
		};
		963A439723A1348B003E78DF /* CollectionViewCell */ = {
			isa = PBXGroup;
			children = (
				963A439923A134DB003E78DF /* PopularVideoCollectionViewCell.swift */,
				963A439B23A13505003E78DF /* RecentVideoCollectionViewCell.swift */,
				BA6632CD23AD142700A3AF31 /* PhotoCollectionViewCell.swift */,
				BA6632CE23AD142700A3AF31 /* PhotoCollectionViewCell.xib */,
			);
			path = CollectionViewCell;
			sourceTree = "<group>";
		};
		963A439823A1349B003E78DF /* CustomView */ = {
			isa = PBXGroup;
			children = (
				963A439523A13274003E78DF /* CardView.swift */,
				963A43AF23A14B04003E78DF /* ActivityIndicator.swift */,
				963A43B123A14C36003E78DF /* ToastView.swift */,
				BA6632D323AD1DF800A3AF31 /* CustomLayout.swift */,
				BA0DD85C23B3E6BF009B496D /* CustomView.swift */,
			);
			path = CustomView;
			sourceTree = "<group>";
		};
		963A439F23A144D5003E78DF /* Networking */ = {
			isa = PBXGroup;
			children = (
				963A43A223A144D5003E78DF /* APICall.swift */,
				963A43A323A144D5003E78DF /* APIList.swift */,
				963A43A823A1472E003E78DF /* Reachability.swift */,
			);
			path = Networking;
			sourceTree = "<group>";
		};
		963A43AA23A14978003E78DF /* Codable */ = {
			isa = PBXGroup;
			children = (
				BAE1C00623B6115B00372DA1 /* DocData */,
				BA53D40923B47A0C00E4290E /* AudioData */,
				BA53D40823B4764600E4290E /* PhotoData */,
				BA53D40723B4760A00E4290E /* VideoData */,
				963A43AD23A149AC003E78DF /* PopularVideoList.swift */,
			);
			path = Codable;
			sourceTree = "<group>";
		};
		964A07F523AA608B0074CD37 /* TableViewCell */ = {
			isa = PBXGroup;
			children = (
				964A07F623AA60C40074CD37 /* VideoListTableViewCell.swift */,
				BA778A1A23B66AB200F34E9F /* DocListTableViewCell.swift */,
			);
			path = TableViewCell;
			sourceTree = "<group>";
		};
		9652C6CB239D30C800DE15FD = {
			isa = PBXGroup;
			children = (
				9652C6D6239D30C800DE15FD /* 1971 */,
				9652C6ED239D30CD00DE15FD /* 1971Tests */,
				9652C6F8239D30CD00DE15FD /* 1971UITests */,
				9652C6D5239D30C800DE15FD /* Products */,
				53F21DBA7F262A2375FEAA0C /* Pods */,
				7676D663E791E85168FC4AAB /* Frameworks */,
			);
			sourceTree = "<group>";
		};
		9652C6D5239D30C800DE15FD /* Products */ = {
			isa = PBXGroup;
			children = (
				9652C6D4239D30C800DE15FD /* 1971.app */,
				9652C6EA239D30CD00DE15FD /* 1971Tests.xctest */,
				9652C6F5239D30CD00DE15FD /* 1971UITests.xctest */,
			);
			name = Products;
			sourceTree = "<group>";
		};
		9652C6D6239D30C800DE15FD /* 1971 */ = {
			isa = PBXGroup;
			children = (
				963A439423A1321C003E78DF /* View */,
				963A439223A12EF1003E78DF /* Model */,
				963A439123A12ECB003E78DF /* Controller */,
				963A439F23A144D5003E78DF /* Networking */,
				9652C6D7239D30C800DE15FD /* AppDelegate.swift */,
				9652C6D9239D30C800DE15FD /* SceneDelegate.swift */,
				9652C6DD239D30C800DE15FD /* Main.storyboard */,
				9652C6E0239D30CC00DE15FD /* Assets.xcassets */,
				9652C6E2239D30CC00DE15FD /* LaunchScreen.storyboard */,
				9652C6E5239D30CC00DE15FD /* Info.plist */,
				9652C707239D336A00DE15FD /* Font */,
			);
			path = 1971;
			sourceTree = "<group>";
		};
		9652C6ED239D30CD00DE15FD /* 1971Tests */ = {
			isa = PBXGroup;
			children = (
				9652C6EE239D30CD00DE15FD /* _971Tests.swift */,
				9652C6F0239D30CD00DE15FD /* Info.plist */,
			);
			path = 1971Tests;
			sourceTree = "<group>";
		};
		9652C6F8239D30CD00DE15FD /* 1971UITests */ = {
			isa = PBXGroup;
			children = (
				9652C6F9239D30CD00DE15FD /* _971UITests.swift */,
				9652C6FB239D30CD00DE15FD /* Info.plist */,
			);
			path = 1971UITests;
			sourceTree = "<group>";
		};
		9652C707239D336A00DE15FD /* Font */ = {
			isa = PBXGroup;
			children = (
				9652C716239D33B000DE15FD /* Roboto-BlackItalic.ttf */,
				9652C719239D33B000DE15FD /* Roboto-Bold.ttf */,
				9652C70D239D33AE00DE15FD /* Roboto-BoldItalic.ttf */,
				9652C715239D33AF00DE15FD /* Roboto-Italic.ttf */,
				9652C711239D33AF00DE15FD /* Roboto-Light.ttf */,
				9652C717239D33B000DE15FD /* Roboto-LightItalic.ttf */,
				9652C70B239D33AE00DE15FD /* Roboto-Medium.ttf */,
				9652C714239D33AF00DE15FD /* Roboto-MediumItalic.ttf */,
				9652C710239D33AF00DE15FD /* Roboto-Regular.ttf */,
				9652C712239D33AF00DE15FD /* Roboto-Thin.ttf */,
				9652C70A239D33AE00DE15FD /* Roboto-ThinItalic.ttf */,
				9652C70C239D33AE00DE15FD /* RobotoCondensed-Bold.ttf */,
				9652C709239D33AE00DE15FD /* RobotoCondensed-BoldItalic.ttf */,
				9652C713239D33AF00DE15FD /* RobotoCondensed-Italic.ttf */,
				9652C718239D33B000DE15FD /* RobotoCondensed-Light.ttf */,
				9652C70F239D33AF00DE15FD /* RobotoCondensed-LightItalic.ttf */,
				9652C70E239D33AF00DE15FD /* RobotoCondensed-Regular.ttf */,
				9652C708239D339300DE15FD /* Roboto-Black.ttf */,
			);
			path = Font;
			sourceTree = "<group>";
		};
		BA0DD85823B3D2ED009B496D /* Video */ = {
			isa = PBXGroup;
			children = (
				963A438923A12D96003E78DF /* VideoViewController.swift */,
				964281CD23A27C2D005E865D /* VideoPlayerVC.swift */,
				964A07FA23AA88EC0074CD37 /* VideoListViewController.swift */,
			);
			path = Video;
			sourceTree = "<group>";
		};
		BA0DD85923B3D306009B496D /* Photo */ = {
			isa = PBXGroup;
			children = (
				963A438D23A12E05003E78DF /* PhotoViewController.swift */,
				BA6632CB23AD0A6700A3AF31 /* PhotoListViewController.swift */,
			);
			path = Photo;
			sourceTree = "<group>";
		};
		BA0DD85A23B3D32A009B496D /* Document */ = {
			isa = PBXGroup;
			children = (
				963A438F23A12E15003E78DF /* DocViewController.swift */,
				BAE1C00B23B6125500372DA1 /* DocListViewController.swift */,
			);
			path = Document;
			sourceTree = "<group>";
		};
		BA0DD85B23B3D333009B496D /* Audio */ = {
			isa = PBXGroup;
			children = (
				963A438B23A12DF2003E78DF /* AudioViewController.swift */,
				BA98FE0C23B46E1E00121535 /* AudioListViewController.swift */,
			);
			path = Audio;
			sourceTree = "<group>";
		};
		BA53D40723B4760A00E4290E /* VideoData */ = {
			isa = PBXGroup;
			children = (
				964A07F123AA5DF00074CD37 /* VideoCategory.swift */,
				964A07F823AA669F0074CD37 /* VideoByCategory.swift */,
			);
			path = VideoData;
			sourceTree = "<group>";
		};
		BA53D40823B4764600E4290E /* PhotoData */ = {
			isa = PBXGroup;
			children = (
				BA6632C923AD065E00A3AF31 /* PhotoCategory.swift */,
				BA6632D123AD156900A3AF31 /* PhotoByCategory.swift */,
			);
			path = PhotoData;
			sourceTree = "<group>";
		};
		BA53D40923B47A0C00E4290E /* AudioData */ = {
			isa = PBXGroup;
			children = (
				BA53D40A23B47A3800E4290E /* AudioCategoryList.swift */,
				BA53D40C23B47B1500E4290E /* AudioByCategory.swift */,
			);
			path = AudioData;
			sourceTree = "<group>";
		};
		BAE1C00623B6115B00372DA1 /* DocData */ = {
			isa = PBXGroup;
			children = (
				BAE1C00723B6118700372DA1 /* DocCategoryList.swift */,
				BAE1C00923B6119B00372DA1 /* DocByCategory.swift */,
			);
			path = DocData;
			sourceTree = "<group>";
		};
/* End PBXGroup section */

/* Begin PBXNativeTarget section */
		9652C6D3239D30C800DE15FD /* 1971 */ = {
			isa = PBXNativeTarget;
			buildConfigurationList = 9652C6FE239D30CD00DE15FD /* Build configuration list for PBXNativeTarget "1971" */;
			buildPhases = (
				E2EF8C6CAC700AE8CC5FF343 /* [CP] Check Pods Manifest.lock */,
				9652C6D0239D30C800DE15FD /* Sources */,
				9652C6D1239D30C800DE15FD /* Frameworks */,
				9652C6D2239D30C800DE15FD /* Resources */,
				17966F4250EA0BEB2D398145 /* [CP] Embed Pods Frameworks */,
			);
			buildRules = (
			);
			dependencies = (
			);
			name = 1971;
			productName = 1971;
			productReference = 9652C6D4239D30C800DE15FD /* 1971.app */;
			productType = "com.apple.product-type.application";
		};
		9652C6E9239D30CD00DE15FD /* 1971Tests */ = {
			isa = PBXNativeTarget;
			buildConfigurationList = 9652C701239D30CD00DE15FD /* Build configuration list for PBXNativeTarget "1971Tests" */;
			buildPhases = (
				D8921F3DBAC81D4D8EEBF64F /* [CP] Check Pods Manifest.lock */,
				9652C6E6239D30CD00DE15FD /* Sources */,
				9652C6E7239D30CD00DE15FD /* Frameworks */,
				9652C6E8239D30CD00DE15FD /* Resources */,
			);
			buildRules = (
			);
			dependencies = (
				9652C6EC239D30CD00DE15FD /* PBXTargetDependency */,
			);
			name = 1971Tests;
			productName = 1971Tests;
			productReference = 9652C6EA239D30CD00DE15FD /* 1971Tests.xctest */;
			productType = "com.apple.product-type.bundle.unit-test";
		};
		9652C6F4239D30CD00DE15FD /* 1971UITests */ = {
			isa = PBXNativeTarget;
			buildConfigurationList = 9652C704239D30CD00DE15FD /* Build configuration list for PBXNativeTarget "1971UITests" */;
			buildPhases = (
				D085CE51FB6BB28758DB94A4 /* [CP] Check Pods Manifest.lock */,
				9652C6F1239D30CD00DE15FD /* Sources */,
				9652C6F2239D30CD00DE15FD /* Frameworks */,
				9652C6F3239D30CD00DE15FD /* Resources */,
				06834B49BA394925AB1EA2DA /* [CP] Embed Pods Frameworks */,
			);
			buildRules = (
			);
			dependencies = (
				9652C6F7239D30CD00DE15FD /* PBXTargetDependency */,
			);
			name = 1971UITests;
			productName = 1971UITests;
			productReference = 9652C6F5239D30CD00DE15FD /* 1971UITests.xctest */;
			productType = "com.apple.product-type.bundle.ui-testing";
		};
/* End PBXNativeTarget section */

/* Begin PBXProject section */
		9652C6CC239D30C800DE15FD /* Project object */ = {
			isa = PBXProject;
			attributes = {
				LastSwiftUpdateCheck = 1120;
				LastUpgradeCheck = 1120;
				ORGANIZATIONNAME = Mobioapp;
				TargetAttributes = {
					9652C6D3239D30C800DE15FD = {
						CreatedOnToolsVersion = 11.2.1;
					};
					9652C6E9239D30CD00DE15FD = {
						CreatedOnToolsVersion = 11.2.1;
						TestTargetID = 9652C6D3239D30C800DE15FD;
					};
					9652C6F4239D30CD00DE15FD = {
						CreatedOnToolsVersion = 11.2.1;
						TestTargetID = 9652C6D3239D30C800DE15FD;
					};
				};
			};
			buildConfigurationList = 9652C6CF239D30C800DE15FD /* Build configuration list for PBXProject "1971" */;
			compatibilityVersion = "Xcode 9.3";
			developmentRegion = en;
			hasScannedForEncodings = 0;
			knownRegions = (
				en,
				Base,
			);
			mainGroup = 9652C6CB239D30C800DE15FD;
			productRefGroup = 9652C6D5239D30C800DE15FD /* Products */;
			projectDirPath = "";
			projectRoot = "";
			targets = (
				9652C6D3239D30C800DE15FD /* 1971 */,
				9652C6E9239D30CD00DE15FD /* 1971Tests */,
				9652C6F4239D30CD00DE15FD /* 1971UITests */,
			);
		};
/* End PBXProject section */

/* Begin PBXResourcesBuildPhase section */
		9652C6D2239D30C800DE15FD /* Resources */ = {
			isa = PBXResourcesBuildPhase;
			buildActionMask = 2147483647;
			files = (
				964A07F023AA5A080074CD37 /* Roboto-Medium.ttf in Resources */,
				BA6632D023AD142700A3AF31 /* PhotoCollectionViewCell.xib in Resources */,
				9652C6E4239D30CC00DE15FD /* LaunchScreen.storyboard in Resources */,
				9652C6E1239D30CC00DE15FD /* Assets.xcassets in Resources */,
				9652C6DF239D30C800DE15FD /* Main.storyboard in Resources */,
			);
			runOnlyForDeploymentPostprocessing = 0;
		};
		9652C6E8239D30CD00DE15FD /* Resources */ = {
			isa = PBXResourcesBuildPhase;
			buildActionMask = 2147483647;
			files = (
			);
			runOnlyForDeploymentPostprocessing = 0;
		};
		9652C6F3239D30CD00DE15FD /* Resources */ = {
			isa = PBXResourcesBuildPhase;
			buildActionMask = 2147483647;
			files = (
			);
			runOnlyForDeploymentPostprocessing = 0;
		};
/* End PBXResourcesBuildPhase section */

/* Begin PBXShellScriptBuildPhase section */
		06834B49BA394925AB1EA2DA /* [CP] Embed Pods Frameworks */ = {
			isa = PBXShellScriptBuildPhase;
			buildActionMask = 2147483647;
			files = (
			);
			inputFileListPaths = (
				"${PODS_ROOT}/Target Support Files/Pods-1971-1971UITests/Pods-1971-1971UITests-frameworks-${CONFIGURATION}-input-files.xcfilelist",
			);
			name = "[CP] Embed Pods Frameworks";
			outputFileListPaths = (
				"${PODS_ROOT}/Target Support Files/Pods-1971-1971UITests/Pods-1971-1971UITests-frameworks-${CONFIGURATION}-output-files.xcfilelist",
			);
			runOnlyForDeploymentPostprocessing = 0;
			shellPath = /bin/sh;
			shellScript = "\"${PODS_ROOT}/Target Support Files/Pods-1971-1971UITests/Pods-1971-1971UITests-frameworks.sh\"\n";
			showEnvVarsInLog = 0;
		};
		17966F4250EA0BEB2D398145 /* [CP] Embed Pods Frameworks */ = {
			isa = PBXShellScriptBuildPhase;
			buildActionMask = 2147483647;
			files = (
			);
			inputFileListPaths = (
				"${PODS_ROOT}/Target Support Files/Pods-1971/Pods-1971-frameworks-${CONFIGURATION}-input-files.xcfilelist",
			);
			name = "[CP] Embed Pods Frameworks";
			outputFileListPaths = (
				"${PODS_ROOT}/Target Support Files/Pods-1971/Pods-1971-frameworks-${CONFIGURATION}-output-files.xcfilelist",
			);
			runOnlyForDeploymentPostprocessing = 0;
			shellPath = /bin/sh;
			shellScript = "\"${PODS_ROOT}/Target Support Files/Pods-1971/Pods-1971-frameworks.sh\"\n";
			showEnvVarsInLog = 0;
		};
		D085CE51FB6BB28758DB94A4 /* [CP] Check Pods Manifest.lock */ = {
			isa = PBXShellScriptBuildPhase;
			buildActionMask = 2147483647;
			files = (
			);
			inputFileListPaths = (
			);
			inputPaths = (
				"${PODS_PODFILE_DIR_PATH}/Podfile.lock",
				"${PODS_ROOT}/Manifest.lock",
			);
			name = "[CP] Check Pods Manifest.lock";
			outputFileListPaths = (
			);
			outputPaths = (
				"$(DERIVED_FILE_DIR)/Pods-1971-1971UITests-checkManifestLockResult.txt",
			);
			runOnlyForDeploymentPostprocessing = 0;
			shellPath = /bin/sh;
			shellScript = "diff \"${PODS_PODFILE_DIR_PATH}/Podfile.lock\" \"${PODS_ROOT}/Manifest.lock\" > /dev/null\nif [ $? != 0 ] ; then\n    # print error to STDERR\n    echo \"error: The sandbox is not in sync with the Podfile.lock. Run 'pod install' or update your CocoaPods installation.\" >&2\n    exit 1\nfi\n# This output is used by Xcode 'outputs' to avoid re-running this script phase.\necho \"SUCCESS\" > \"${SCRIPT_OUTPUT_FILE_0}\"\n";
			showEnvVarsInLog = 0;
		};
		D8921F3DBAC81D4D8EEBF64F /* [CP] Check Pods Manifest.lock */ = {
			isa = PBXShellScriptBuildPhase;
			buildActionMask = 2147483647;
			files = (
			);
			inputFileListPaths = (
			);
			inputPaths = (
				"${PODS_PODFILE_DIR_PATH}/Podfile.lock",
				"${PODS_ROOT}/Manifest.lock",
			);
			name = "[CP] Check Pods Manifest.lock";
			outputFileListPaths = (
			);
			outputPaths = (
				"$(DERIVED_FILE_DIR)/Pods-1971Tests-checkManifestLockResult.txt",
			);
			runOnlyForDeploymentPostprocessing = 0;
			shellPath = /bin/sh;
			shellScript = "diff \"${PODS_PODFILE_DIR_PATH}/Podfile.lock\" \"${PODS_ROOT}/Manifest.lock\" > /dev/null\nif [ $? != 0 ] ; then\n    # print error to STDERR\n    echo \"error: The sandbox is not in sync with the Podfile.lock. Run 'pod install' or update your CocoaPods installation.\" >&2\n    exit 1\nfi\n# This output is used by Xcode 'outputs' to avoid re-running this script phase.\necho \"SUCCESS\" > \"${SCRIPT_OUTPUT_FILE_0}\"\n";
			showEnvVarsInLog = 0;
		};
		E2EF8C6CAC700AE8CC5FF343 /* [CP] Check Pods Manifest.lock */ = {
			isa = PBXShellScriptBuildPhase;
			buildActionMask = 2147483647;
			files = (
			);
			inputFileListPaths = (
			);
			inputPaths = (
				"${PODS_PODFILE_DIR_PATH}/Podfile.lock",
				"${PODS_ROOT}/Manifest.lock",
			);
			name = "[CP] Check Pods Manifest.lock";
			outputFileListPaths = (
			);
			outputPaths = (
				"$(DERIVED_FILE_DIR)/Pods-1971-checkManifestLockResult.txt",
			);
			runOnlyForDeploymentPostprocessing = 0;
			shellPath = /bin/sh;
			shellScript = "diff \"${PODS_PODFILE_DIR_PATH}/Podfile.lock\" \"${PODS_ROOT}/Manifest.lock\" > /dev/null\nif [ $? != 0 ] ; then\n    # print error to STDERR\n    echo \"error: The sandbox is not in sync with the Podfile.lock. Run 'pod install' or update your CocoaPods installation.\" >&2\n    exit 1\nfi\n# This output is used by Xcode 'outputs' to avoid re-running this script phase.\necho \"SUCCESS\" > \"${SCRIPT_OUTPUT_FILE_0}\"\n";
			showEnvVarsInLog = 0;
		};
/* End PBXShellScriptBuildPhase section */

/* Begin PBXSourcesBuildPhase section */
		9652C6D0239D30C800DE15FD /* Sources */ = {
			isa = PBXSourcesBuildPhase;
			buildActionMask = 2147483647;
			files = (
				964A07F923AA669F0074CD37 /* VideoByCategory.swift in Sources */,
				BA6632CF23AD142700A3AF31 /* PhotoCollectionViewCell.swift in Sources */,
				963A43B223A14C36003E78DF /* ToastView.swift in Sources */,
				BAFD30EF23ACC094000D6101 /* CustomImageView.swift in Sources */,
				963A439A23A134DB003E78DF /* PopularVideoCollectionViewCell.swift in Sources */,
				BAE1C00C23B6125500372DA1 /* DocListViewController.swift in Sources */,
				963A43B023A14B04003E78DF /* ActivityIndicator.swift in Sources */,
				BA53D40B23B47A3800E4290E /* AudioCategoryList.swift in Sources */,
				963A439C23A13505003E78DF /* RecentVideoCollectionViewCell.swift in Sources */,
				964281CC23A2710E005E865D /* Converter.swift in Sources */,
				BAE1C00A23B6119B00372DA1 /* DocByCategory.swift in Sources */,
				963A43A723A144D5003E78DF /* APIList.swift in Sources */,
				BA98FE0D23B46E1E00121535 /* AudioListViewController.swift in Sources */,
				9652C6D8239D30C800DE15FD /* AppDelegate.swift in Sources */,
				BA0DD85D23B3E6BF009B496D /* CustomView.swift in Sources */,
				963A438A23A12D96003E78DF /* VideoViewController.swift in Sources */,
				9652C6DA239D30C800DE15FD /* SceneDelegate.swift in Sources */,
				963A438C23A12DF2003E78DF /* AudioViewController.swift in Sources */,
				963A439023A12E15003E78DF /* DocViewController.swift in Sources */,
				963A439623A13274003E78DF /* CardView.swift in Sources */,
				BAE1C00823B6118700372DA1 /* DocCategoryList.swift in Sources */,
				BA6632CA23AD065E00A3AF31 /* PhotoCategory.swift in Sources */,
				BA53D40D23B47B1500E4290E /* AudioByCategory.swift in Sources */,
				964A07F723AA60C40074CD37 /* VideoListTableViewCell.swift in Sources */,
				963A438E23A12E05003E78DF /* PhotoViewController.swift in Sources */,
				BA778A1B23B66AB200F34E9F /* DocListTableViewCell.swift in Sources */,
				BA6632D223AD156900A3AF31 /* PhotoByCategory.swift in Sources */,
				963A439E23A13664003E78DF /* MainViewController.swift in Sources */,
				963A43A623A144D5003E78DF /* APICall.swift in Sources */,
				963A43AE23A149AC003E78DF /* PopularVideoList.swift in Sources */,
				BA6632D423AD1DF800A3AF31 /* CustomLayout.swift in Sources */,
				BA6632CC23AD0A6700A3AF31 /* PhotoListViewController.swift in Sources */,
				963A43A923A1472E003E78DF /* Reachability.swift in Sources */,
				964A07FB23AA88EC0074CD37 /* VideoListViewController.swift in Sources */,
				964A07F223AA5DF00074CD37 /* VideoCategory.swift in Sources */,
				964281CE23A27C2D005E865D /* VideoPlayerVC.swift in Sources */,
			);
			runOnlyForDeploymentPostprocessing = 0;
		};
		9652C6E6239D30CD00DE15FD /* Sources */ = {
			isa = PBXSourcesBuildPhase;
			buildActionMask = 2147483647;
			files = (
				9652C6EF239D30CD00DE15FD /* _971Tests.swift in Sources */,
			);
			runOnlyForDeploymentPostprocessing = 0;
		};
		9652C6F1239D30CD00DE15FD /* Sources */ = {
			isa = PBXSourcesBuildPhase;
			buildActionMask = 2147483647;
			files = (
				9652C6FA239D30CD00DE15FD /* _971UITests.swift in Sources */,
			);
			runOnlyForDeploymentPostprocessing = 0;
		};
/* End PBXSourcesBuildPhase section */

/* Begin PBXTargetDependency section */
		9652C6EC239D30CD00DE15FD /* PBXTargetDependency */ = {
			isa = PBXTargetDependency;
			target = 9652C6D3239D30C800DE15FD /* 1971 */;
			targetProxy = 9652C6EB239D30CD00DE15FD /* PBXContainerItemProxy */;
		};
		9652C6F7239D30CD00DE15FD /* PBXTargetDependency */ = {
			isa = PBXTargetDependency;
			target = 9652C6D3239D30C800DE15FD /* 1971 */;
			targetProxy = 9652C6F6239D30CD00DE15FD /* PBXContainerItemProxy */;
		};
/* End PBXTargetDependency section */

/* Begin PBXVariantGroup section */
		9652C6DD239D30C800DE15FD /* Main.storyboard */ = {
			isa = PBXVariantGroup;
			children = (
				9652C6DE239D30C800DE15FD /* Base */,
			);
			name = Main.storyboard;
			sourceTree = "<group>";
		};
		9652C6E2239D30CC00DE15FD /* LaunchScreen.storyboard */ = {
			isa = PBXVariantGroup;
			children = (
				9652C6E3239D30CC00DE15FD /* Base */,
			);
			name = LaunchScreen.storyboard;
			sourceTree = "<group>";
		};
/* End PBXVariantGroup section */

/* Begin XCBuildConfiguration section */
		9652C6FC239D30CD00DE15FD /* Debug */ = {
			isa = XCBuildConfiguration;
			buildSettings = {
				ALWAYS_SEARCH_USER_PATHS = NO;
				CLANG_ANALYZER_NONNULL = YES;
				CLANG_ANALYZER_NUMBER_OBJECT_CONVERSION = YES_AGGRESSIVE;
				CLANG_CXX_LANGUAGE_STANDARD = "gnu++14";
				CLANG_CXX_LIBRARY = "libc++";
				CLANG_ENABLE_MODULES = YES;
				CLANG_ENABLE_OBJC_ARC = YES;
				CLANG_ENABLE_OBJC_WEAK = YES;
				CLANG_WARN_BLOCK_CAPTURE_AUTORELEASING = YES;
				CLANG_WARN_BOOL_CONVERSION = YES;
				CLANG_WARN_COMMA = YES;
				CLANG_WARN_CONSTANT_CONVERSION = YES;
				CLANG_WARN_DEPRECATED_OBJC_IMPLEMENTATIONS = YES;
				CLANG_WARN_DIRECT_OBJC_ISA_USAGE = YES_ERROR;
				CLANG_WARN_DOCUMENTATION_COMMENTS = YES;
				CLANG_WARN_EMPTY_BODY = YES;
				CLANG_WARN_ENUM_CONVERSION = YES;
				CLANG_WARN_INFINITE_RECURSION = YES;
				CLANG_WARN_INT_CONVERSION = YES;
				CLANG_WARN_NON_LITERAL_NULL_CONVERSION = YES;
				CLANG_WARN_OBJC_IMPLICIT_RETAIN_SELF = YES;
				CLANG_WARN_OBJC_LITERAL_CONVERSION = YES;
				CLANG_WARN_OBJC_ROOT_CLASS = YES_ERROR;
				CLANG_WARN_RANGE_LOOP_ANALYSIS = YES;
				CLANG_WARN_STRICT_PROTOTYPES = YES;
				CLANG_WARN_SUSPICIOUS_MOVE = YES;
				CLANG_WARN_UNGUARDED_AVAILABILITY = YES_AGGRESSIVE;
				CLANG_WARN_UNREACHABLE_CODE = YES;
				CLANG_WARN__DUPLICATE_METHOD_MATCH = YES;
				COPY_PHASE_STRIP = NO;
				DEBUG_INFORMATION_FORMAT = dwarf;
				ENABLE_STRICT_OBJC_MSGSEND = YES;
				ENABLE_TESTABILITY = YES;
				GCC_C_LANGUAGE_STANDARD = gnu11;
				GCC_DYNAMIC_NO_PIC = NO;
				GCC_NO_COMMON_BLOCKS = YES;
				GCC_OPTIMIZATION_LEVEL = 0;
				GCC_PREPROCESSOR_DEFINITIONS = (
					"DEBUG=1",
					"$(inherited)",
				);
				GCC_WARN_64_TO_32_BIT_CONVERSION = YES;
				GCC_WARN_ABOUT_RETURN_TYPE = YES_ERROR;
				GCC_WARN_UNDECLARED_SELECTOR = YES;
				GCC_WARN_UNINITIALIZED_AUTOS = YES_AGGRESSIVE;
				GCC_WARN_UNUSED_FUNCTION = YES;
				GCC_WARN_UNUSED_VARIABLE = YES;
				IPHONEOS_DEPLOYMENT_TARGET = 13.2;
				MTL_ENABLE_DEBUG_INFO = INCLUDE_SOURCE;
				MTL_FAST_MATH = YES;
				ONLY_ACTIVE_ARCH = YES;
				SDKROOT = iphoneos;
				SWIFT_ACTIVE_COMPILATION_CONDITIONS = DEBUG;
				SWIFT_OPTIMIZATION_LEVEL = "-Onone";
			};
			name = Debug;
		};
		9652C6FD239D30CD00DE15FD /* Release */ = {
			isa = XCBuildConfiguration;
			buildSettings = {
				ALWAYS_SEARCH_USER_PATHS = NO;
				CLANG_ANALYZER_NONNULL = YES;
				CLANG_ANALYZER_NUMBER_OBJECT_CONVERSION = YES_AGGRESSIVE;
				CLANG_CXX_LANGUAGE_STANDARD = "gnu++14";
				CLANG_CXX_LIBRARY = "libc++";
				CLANG_ENABLE_MODULES = YES;
				CLANG_ENABLE_OBJC_ARC = YES;
				CLANG_ENABLE_OBJC_WEAK = YES;
				CLANG_WARN_BLOCK_CAPTURE_AUTORELEASING = YES;
				CLANG_WARN_BOOL_CONVERSION = YES;
				CLANG_WARN_COMMA = YES;
				CLANG_WARN_CONSTANT_CONVERSION = YES;
				CLANG_WARN_DEPRECATED_OBJC_IMPLEMENTATIONS = YES;
				CLANG_WARN_DIRECT_OBJC_ISA_USAGE = YES_ERROR;
				CLANG_WARN_DOCUMENTATION_COMMENTS = YES;
				CLANG_WARN_EMPTY_BODY = YES;
				CLANG_WARN_ENUM_CONVERSION = YES;
				CLANG_WARN_INFINITE_RECURSION = YES;
				CLANG_WARN_INT_CONVERSION = YES;
				CLANG_WARN_NON_LITERAL_NULL_CONVERSION = YES;
				CLANG_WARN_OBJC_IMPLICIT_RETAIN_SELF = YES;
				CLANG_WARN_OBJC_LITERAL_CONVERSION = YES;
				CLANG_WARN_OBJC_ROOT_CLASS = YES_ERROR;
				CLANG_WARN_RANGE_LOOP_ANALYSIS = YES;
				CLANG_WARN_STRICT_PROTOTYPES = YES;
				CLANG_WARN_SUSPICIOUS_MOVE = YES;
				CLANG_WARN_UNGUARDED_AVAILABILITY = YES_AGGRESSIVE;
				CLANG_WARN_UNREACHABLE_CODE = YES;
				CLANG_WARN__DUPLICATE_METHOD_MATCH = YES;
				COPY_PHASE_STRIP = NO;
				DEBUG_INFORMATION_FORMAT = "dwarf-with-dsym";
				ENABLE_NS_ASSERTIONS = NO;
				ENABLE_STRICT_OBJC_MSGSEND = YES;
				GCC_C_LANGUAGE_STANDARD = gnu11;
				GCC_NO_COMMON_BLOCKS = YES;
				GCC_WARN_64_TO_32_BIT_CONVERSION = YES;
				GCC_WARN_ABOUT_RETURN_TYPE = YES_ERROR;
				GCC_WARN_UNDECLARED_SELECTOR = YES;
				GCC_WARN_UNINITIALIZED_AUTOS = YES_AGGRESSIVE;
				GCC_WARN_UNUSED_FUNCTION = YES;
				GCC_WARN_UNUSED_VARIABLE = YES;
				IPHONEOS_DEPLOYMENT_TARGET = 13.2;
				MTL_ENABLE_DEBUG_INFO = NO;
				MTL_FAST_MATH = YES;
				SDKROOT = iphoneos;
				SWIFT_COMPILATION_MODE = wholemodule;
				SWIFT_OPTIMIZATION_LEVEL = "-O";
				VALIDATE_PRODUCT = YES;
			};
			name = Release;
		};
		9652C6FF239D30CD00DE15FD /* Debug */ = {
			isa = XCBuildConfiguration;
			baseConfigurationReference = 11F9985060BFE07028BB5380 /* Pods-1971.debug.xcconfig */;
			buildSettings = {
				ASSETCATALOG_COMPILER_APPICON_NAME = AppIcon;
				CODE_SIGN_IDENTITY = "Apple Development";
				CODE_SIGN_STYLE = Automatic;
				DEVELOPMENT_TEAM = NLMQ56W2VQ;
				INFOPLIST_FILE = 1971/Info.plist;
				IPHONEOS_DEPLOYMENT_TARGET = 11.1;
				LD_RUNPATH_SEARCH_PATHS = (
					"$(inherited)",
					"@executable_path/Frameworks",
				);
				PRODUCT_BUNDLE_IDENTIFIER = "com.r8.-971";
				PRODUCT_NAME = "$(TARGET_NAME)";
				PROVISIONING_PROFILE_SPECIFIER = "";
				SWIFT_VERSION = 5.0;
				TARGETED_DEVICE_FAMILY = "1,2";
			};
			name = Debug;
		};
		9652C700239D30CD00DE15FD /* Release */ = {
			isa = XCBuildConfiguration;
			baseConfigurationReference = 0A66676D124795D0ECD7889D /* Pods-1971.release.xcconfig */;
			buildSettings = {
				ASSETCATALOG_COMPILER_APPICON_NAME = AppIcon;
				CODE_SIGN_IDENTITY = "Apple Development";
				CODE_SIGN_STYLE = Automatic;
				DEVELOPMENT_TEAM = NLMQ56W2VQ;
				INFOPLIST_FILE = 1971/Info.plist;
				IPHONEOS_DEPLOYMENT_TARGET = 11.1;
				LD_RUNPATH_SEARCH_PATHS = (
					"$(inherited)",
					"@executable_path/Frameworks",
				);
				PRODUCT_BUNDLE_IDENTIFIER = "com.r8.-971";
				PRODUCT_NAME = "$(TARGET_NAME)";
				PROVISIONING_PROFILE_SPECIFIER = "";
				SWIFT_VERSION = 5.0;
				TARGETED_DEVICE_FAMILY = "1,2";
			};
			name = Release;
		};
		9652C702239D30CD00DE15FD /* Debug */ = {
			isa = XCBuildConfiguration;
			baseConfigurationReference = 8741A14F5033B8327774E2DE /* Pods-1971Tests.debug.xcconfig */;
			buildSettings = {
				ALWAYS_EMBED_SWIFT_STANDARD_LIBRARIES = YES;
				BUNDLE_LOADER = "$(TEST_HOST)";
				CODE_SIGN_STYLE = Automatic;
				INFOPLIST_FILE = 1971Tests/Info.plist;
				IPHONEOS_DEPLOYMENT_TARGET = 13.2;
				LD_RUNPATH_SEARCH_PATHS = (
					"$(inherited)",
					"@executable_path/Frameworks",
					"@loader_path/Frameworks",
				);
				PRODUCT_BUNDLE_IDENTIFIER = "com.basic.nibir.-971Tests";
				PRODUCT_NAME = "$(TARGET_NAME)";
				SWIFT_VERSION = 5.0;
				TARGETED_DEVICE_FAMILY = "1,2";
				TEST_HOST = "$(BUILT_PRODUCTS_DIR)/1971.app/1971";
			};
			name = Debug;
		};
		9652C703239D30CD00DE15FD /* Release */ = {
			isa = XCBuildConfiguration;
			baseConfigurationReference = 560C154CDB2F26EAE7376367 /* Pods-1971Tests.release.xcconfig */;
			buildSettings = {
				ALWAYS_EMBED_SWIFT_STANDARD_LIBRARIES = YES;
				BUNDLE_LOADER = "$(TEST_HOST)";
				CODE_SIGN_STYLE = Automatic;
				INFOPLIST_FILE = 1971Tests/Info.plist;
				IPHONEOS_DEPLOYMENT_TARGET = 13.2;
				LD_RUNPATH_SEARCH_PATHS = (
					"$(inherited)",
					"@executable_path/Frameworks",
					"@loader_path/Frameworks",
				);
				PRODUCT_BUNDLE_IDENTIFIER = "com.basic.nibir.-971Tests";
				PRODUCT_NAME = "$(TARGET_NAME)";
				SWIFT_VERSION = 5.0;
				TARGETED_DEVICE_FAMILY = "1,2";
				TEST_HOST = "$(BUILT_PRODUCTS_DIR)/1971.app/1971";
			};
			name = Release;
		};
		9652C705239D30CD00DE15FD /* Debug */ = {
			isa = XCBuildConfiguration;
			baseConfigurationReference = D12110A7C698021938D0555E /* Pods-1971-1971UITests.debug.xcconfig */;
			buildSettings = {
				ALWAYS_EMBED_SWIFT_STANDARD_LIBRARIES = YES;
				CODE_SIGN_STYLE = Automatic;
				INFOPLIST_FILE = 1971UITests/Info.plist;
				LD_RUNPATH_SEARCH_PATHS = (
					"$(inherited)",
					"@executable_path/Frameworks",
					"@loader_path/Frameworks",
				);
				PRODUCT_BUNDLE_IDENTIFIER = "com.basic.nibir.-971UITests";
				PRODUCT_NAME = "$(TARGET_NAME)";
				SWIFT_VERSION = 5.0;
				TARGETED_DEVICE_FAMILY = "1,2";
				TEST_TARGET_NAME = 1971;
			};
			name = Debug;
		};
		9652C706239D30CD00DE15FD /* Release */ = {
			isa = XCBuildConfiguration;
			baseConfigurationReference = D6A08C836D88FA2F7B0B3130 /* Pods-1971-1971UITests.release.xcconfig */;
			buildSettings = {
				ALWAYS_EMBED_SWIFT_STANDARD_LIBRARIES = YES;
				CODE_SIGN_STYLE = Automatic;
				INFOPLIST_FILE = 1971UITests/Info.plist;
				LD_RUNPATH_SEARCH_PATHS = (
					"$(inherited)",
					"@executable_path/Frameworks",
					"@loader_path/Frameworks",
				);
				PRODUCT_BUNDLE_IDENTIFIER = "com.basic.nibir.-971UITests";
				PRODUCT_NAME = "$(TARGET_NAME)";
				SWIFT_VERSION = 5.0;
				TARGETED_DEVICE_FAMILY = "1,2";
				TEST_TARGET_NAME = 1971;
			};
			name = Release;
		};
/* End XCBuildConfiguration section */

/* Begin XCConfigurationList section */
		9652C6CF239D30C800DE15FD /* Build configuration list for PBXProject "1971" */ = {
			isa = XCConfigurationList;
			buildConfigurations = (
				9652C6FC239D30CD00DE15FD /* Debug */,
				9652C6FD239D30CD00DE15FD /* Release */,
			);
			defaultConfigurationIsVisible = 0;
			defaultConfigurationName = Release;
		};
		9652C6FE239D30CD00DE15FD /* Build configuration list for PBXNativeTarget "1971" */ = {
			isa = XCConfigurationList;
			buildConfigurations = (
				9652C6FF239D30CD00DE15FD /* Debug */,
				9652C700239D30CD00DE15FD /* Release */,
			);
			defaultConfigurationIsVisible = 0;
			defaultConfigurationName = Release;
		};
		9652C701239D30CD00DE15FD /* Build configuration list for PBXNativeTarget "1971Tests" */ = {
			isa = XCConfigurationList;
			buildConfigurations = (
				9652C702239D30CD00DE15FD /* Debug */,
				9652C703239D30CD00DE15FD /* Release */,
			);
			defaultConfigurationIsVisible = 0;
			defaultConfigurationName = Release;
		};
		9652C704239D30CD00DE15FD /* Build configuration list for PBXNativeTarget "1971UITests" */ = {
			isa = XCConfigurationList;
			buildConfigurations = (
				9652C705239D30CD00DE15FD /* Debug */,
				9652C706239D30CD00DE15FD /* Release */,
			);
			defaultConfigurationIsVisible = 0;
			defaultConfigurationName = Release;
		};
/* End XCConfigurationList section */
	};
	rootObject = 9652C6CC239D30C800DE15FD /* Project object */;
}
